
Microsoft Visual Studio Solution File, Format Version 12.00
# Visual Studio Version 17
VisualStudioVersion = 17.2.32616.157
MinimumVisualStudioVersion = 10.0.40219.1
Project("{FAE04EC0-301F-11D3-BF4B-00C04F79EFBC}") = "QuestionNo7", "QuestionNo7.csproj", "{7A11F659-E24E-459B-B969-98F61C18A71C}"
EndProject
Global
	GlobalSection(SolutionConfigurationPlatforms) = preSolution
		Debug|Any CPU = Debug|Any CPU
		Release|Any CPU = Release|Any CPU
	EndGlobalSection
	GlobalSection(ProjectConfigurationPlatforms) = postSolution
		{7A11F659-E24E-459B-B969-98F61C18A71C}.Debug|Any CPU.ActiveCfg = Debug|Any CPU
		{7A11F659-E24E-459B-B969-98F61C18A71C}.Debug|Any CPU.Build.0 = Debug|Any CPU
		{7A11F659-E24E-459B-B969-98F61C18A71C}.Release|Any CPU.ActiveCfg = Release|Any CPU
		{7A11F659-E24E-459B-B969-98F61C18A71C}.Release|Any CPU.Build.0 = Release|Any CPU
	EndGlobalSection
	GlobalSection(SolutionProperties) = preSolution
		HideSolutionNode = FALSE
	EndGlobalSection
	GlobalSection(ExtensibilityGlobals) = postSolution
		SolutionGuid = {C5BE886F-C59B-4183-A424-3F61834E2ABB}
	EndGlobalSection
EndGlobal
